
Microsoft Visual Studio Solution File, Format Version 12.00
# Visual Studio 14
VisualStudioVersion = 14.0.25420.1
MinimumVisualStudioVersion = 10.0.40219.1
Project("{2150E333-8FDC-42A3-9474-1A3956D46DE8}") = "src", "src", "{8EDE6F63-6BAB-437B-B892-097C0006409A}"
EndProject
Project("{2150E333-8FDC-42A3-9474-1A3956D46DE8}") = "Solution Items", "Solution Items", "{559D94AD-80DF-480B-AF39-72FD3906E518}"
	ProjectSection(SolutionItems) = preProject
		global.json = global.json
	EndProjectSection
EndProject
Project("{8BB2217D-0F2D-49D1-97BC-3654ED321F3B}") = "CheckListServer", "src\CheckListServer\CheckListServer.xproj", "{16329DA9-4251-414E-B489-92243BB97F48}"
EndProject
Project("{8BB2217D-0F2D-49D1-97BC-3654ED321F3B}") = "DAL", "DAL\DAL.xproj", "{C97E5154-31A8-4097-BE74-D7AFEE3E3C54}"
EndProject
Global
	GlobalSection(SolutionConfigurationPlatforms) = preSolution
		Debug|Any CPU = Debug|Any CPU
		Release|Any CPU = Release|Any CPU
	EndGlobalSection
	GlobalSection(ProjectConfigurationPlatforms) = postSolution
		{16329DA9-4251-414E-B489-92243BB97F48}.Debug|Any CPU.ActiveCfg = Debug|Any CPU
		{16329DA9-4251-414E-B489-92243BB97F48}.Debug|Any CPU.Build.0 = Debug|Any CPU
		{16329DA9-4251-414E-B489-92243BB97F48}.Release|Any CPU.ActiveCfg = Release|Any CPU
		{16329DA9-4251-414E-B489-92243BB97F48}.Release|Any CPU.Build.0 = Release|Any CPU
		{C97E5154-31A8-4097-BE74-D7AFEE3E3C54}.Debug|Any CPU.ActiveCfg = Debug|Any CPU
		{C97E5154-31A8-4097-BE74-D7AFEE3E3C54}.Debug|Any CPU.Build.0 = Debug|Any CPU
		{C97E5154-31A8-4097-BE74-D7AFEE3E3C54}.Release|Any CPU.ActiveCfg = Release|Any CPU
		{C97E5154-31A8-4097-BE74-D7AFEE3E3C54}.Release|Any CPU.Build.0 = Release|Any CPU
	EndGlobalSection
	GlobalSection(SolutionProperties) = preSolution
		HideSolutionNode = FALSE
	EndGlobalSection
	GlobalSection(NestedProjects) = preSolution
		{16329DA9-4251-414E-B489-92243BB97F48} = {8EDE6F63-6BAB-437B-B892-097C0006409A}
		{C97E5154-31A8-4097-BE74-D7AFEE3E3C54} = {8EDE6F63-6BAB-437B-B892-097C0006409A}
	EndGlobalSection
EndGlobal
